// !$*UTF8*$!
{
	archiveVersion = 1;
	classes = {
	};
	objectVersion = 46;
	objects = {

/* Begin PBXBuildFile section */
		F7D8ABC81BF48D0E008B5765 /* AppDelegate.swift in Sources */ = {isa = PBXBuildFile; fileRef = F7D8ABC71BF48D0E008B5765 /* AppDelegate.swift */; };
		F7D8ABCA1BF48D0E008B5765 /* ViewController.swift in Sources */ = {isa = PBXBuildFile; fileRef = F7D8ABC91BF48D0E008B5765 /* ViewController.swift */; };
		F7D8ABCD1BF48D0E008B5765 /* Main.storyboard in Resources */ = {isa = PBXBuildFile; fileRef = F7D8ABCB1BF48D0E008B5765 /* Main.storyboard */; };
		F7D8ABCF1BF48D0E008B5765 /* Assets.xcassets in Resources */ = {isa = PBXBuildFile; fileRef = F7D8ABCE1BF48D0E008B5765 /* Assets.xcassets */; };
		F7D8ABD21BF48D0E008B5765 /* LaunchScreen.storyboard in Resources */ = {isa = PBXBuildFile; fileRef = F7D8ABD01BF48D0E008B5765 /* LaunchScreen.storyboard */; };
		F7D8ABDD1BF48D0E008B5765 /* FWRClassifyChooseViewDemoTests.swift in Sources */ = {isa = PBXBuildFile; fileRef = F7D8ABDC1BF48D0E008B5765 /* FWRClassifyChooseViewDemoTests.swift */; };
		F7D8ABE81BF48D0E008B5765 /* FWRClassifyChooseViewDemoUITests.swift in Sources */ = {isa = PBXBuildFile; fileRef = F7D8ABE71BF48D0E008B5765 /* FWRClassifyChooseViewDemoUITests.swift */; };
		F7D8ABF61BF48DB2008B5765 /* ClassifyChooseView.swift in Sources */ = {isa = PBXBuildFile; fileRef = F7D8ABF51BF48DB2008B5765 /* ClassifyChooseView.swift */; };
/* End PBXBuildFile section */

/* Begin PBXContainerItemProxy section */
		F7D8ABD91BF48D0E008B5765 /* PBXContainerItemProxy */ = {
			isa = PBXContainerItemProxy;
			containerPortal = F7D8ABBC1BF48D0E008B5765 /* Project object */;
			proxyType = 1;
			remoteGlobalIDString = F7D8ABC31BF48D0E008B5765;
			remoteInfo = FWRClassifyChooseViewDemo;
		};
		F7D8ABE41BF48D0E008B5765 /* PBXContainerItemProxy */ = {
			isa = PBXContainerItemProxy;
			containerPortal = F7D8ABBC1BF48D0E008B5765 /* Project object */;
			proxyType = 1;
			remoteGlobalIDString = F7D8ABC31BF48D0E008B5765;
			remoteInfo = FWRClassifyChooseViewDemo;
		};
/* End PBXContainerItemProxy section */

/* Begin PBXFileReference section */
		F7D8ABC41BF48D0E008B5765 /* FWRClassifyChooseViewDemo.app */ = {isa = PBXFileReference; explicitFileType = wrapper.application; includeInIndex = 0; path = FWRClassifyChooseViewDemo.app; sourceTree = BUILT_PRODUCTS_DIR; };
		F7D8ABC71BF48D0E008B5765 /* AppDelegate.swift */ = {isa = PBXFileReference; lastKnownFileType = sourcecode.swift; path = AppDelegate.swift; sourceTree = "<group>"; };
		F7D8ABC91BF48D0E008B5765 /* ViewController.swift */ = {isa = PBXFileReference; lastKnownFileType = sourcecode.swift; path = ViewController.swift; sourceTree = "<group>"; };
		F7D8ABCC1BF48D0E008B5765 /* Base */ = {isa = PBXFileReference; lastKnownFileType = file.storyboard; name = Base; path = Base.lproj/Main.storyboard; sourceTree = "<group>"; };
		F7D8ABCE1BF48D0E008B5765 /* Assets.xcassets */ = {isa = PBXFileReference; lastKnownFileType = folder.assetcatalog; path = Assets.xcassets; sourceTree = "<group>"; };
		F7D8ABD11BF48D0E008B5765 /* Base */ = {isa = PBXFileReference; lastKnownFileType = file.storyboard; name = Base; path = Base.lproj/LaunchScreen.storyboard; sourceTree = "<group>"; };
		F7D8ABD31BF48D0E008B5765 /* Info.plist */ = {isa = PBXFileReference; lastKnownFileType = text.plist.xml; path = Info.plist; sourceTree = "<group>"; };
		F7D8ABD81BF48D0E008B5765 /* FWRClassifyChooseViewDemoTests.xctest */ = {isa = PBXFileReference; explicitFileType = wrapper.cfbundle; includeInIndex = 0; path = FWRClassifyChooseViewDemoTests.xctest; sourceTree = BUILT_PRODUCTS_DIR; };
		F7D8ABDC1BF48D0E008B5765 /* FWRClassifyChooseViewDemoTests.swift */ = {isa = PBXFileReference; lastKnownFileType = sourcecode.swift; path = FWRClassifyChooseViewDemoTests.swift; sourceTree = "<group>"; };
		F7D8ABDE1BF48D0E008B5765 /* Info.plist */ = {isa = PBXFileReference; lastKnownFileType = text.plist.xml; path = Info.plist; sourceTree = "<group>"; };
		F7D8ABE31BF48D0E008B5765 /* FWRClassifyChooseViewDemoUITests.xctest */ = {isa = PBXFileReference; explicitFileType = wrapper.cfbundle; includeInIndex = 0; path = FWRClassifyChooseViewDemoUITests.xctest; sourceTree = BUILT_PRODUCTS_DIR; };
		F7D8ABE71BF48D0E008B5765 /* FWRClassifyChooseViewDemoUITests.swift */ = {isa = PBXFileReference; lastKnownFileType = sourcecode.swift; path = FWRClassifyChooseViewDemoUITests.swift; sourceTree = "<group>"; };
		F7D8ABE91BF48D0E008B5765 /* Info.plist */ = {isa = PBXFileReference; lastKnownFileType = text.plist.xml; path = Info.plist; sourceTree = "<group>"; };
		F7D8ABF51BF48DB2008B5765 /* ClassifyChooseView.swift */ = {isa = PBXFileReference; fileEncoding = 4; lastKnownFileType = sourcecode.swift; name = ClassifyChooseView.swift; path = ../ClassifyChooseView.swift; sourceTree = "<group>"; };
/* End PBXFileReference section */

/* Begin PBXFrameworksBuildPhase section */
		F7D8ABC11BF48D0E008B5765 /* Frameworks */ = {
			isa = PBXFrameworksBuildPhase;
			buildActionMask = 2147483647;
			files = (
			);
			runOnlyForDeploymentPostprocessing = 0;
		};
		F7D8ABD51BF48D0E008B5765 /* Frameworks */ = {
			isa = PBXFrameworksBuildPhase;
			buildActionMask = 2147483647;
			files = (
			);
			runOnlyForDeploymentPostprocessing = 0;
		};
		F7D8ABE01BF48D0E008B5765 /* Frameworks */ = {
			isa = PBXFrameworksBuildPhase;
			buildActionMask = 2147483647;
			files = (
			);
			runOnlyForDeploymentPostprocessing = 0;
		};
/* End PBXFrameworksBuildPhase section */

/* Begin PBXGroup section */
		F7B970D01C2B804D00AD7660 /* FWRClassifyChooseView */ = {
			isa = PBXGroup;
			children = (
				F7D8ABF51BF48DB2008B5765 /* ClassifyChooseView.swift */,
			);
			path = FWRClassifyChooseView;
			sourceTree = "<group>";
		};
		F7D8ABBB1BF48D0E008B5765 = {
			isa = PBXGroup;
			children = (
				F7D8ABC61BF48D0E008B5765 /* FWRClassifyChooseViewDemo */,
				F7D8ABDB1BF48D0E008B5765 /* FWRClassifyChooseViewDemoTests */,
				F7D8ABE61BF48D0E008B5765 /* FWRClassifyChooseViewDemoUITests */,
				F7D8ABC51BF48D0E008B5765 /* Products */,
			);
			sourceTree = "<group>";
		};
		F7D8ABC51BF48D0E008B5765 /* Products */ = {
			isa = PBXGroup;
			children = (
				F7D8ABC41BF48D0E008B5765 /* FWRClassifyChooseViewDemo.app */,
				F7D8ABD81BF48D0E008B5765 /* FWRClassifyChooseViewDemoTests.xctest */,
				F7D8ABE31BF48D0E008B5765 /* FWRClassifyChooseViewDemoUITests.xctest */,
			);
			name = Products;
			sourceTree = "<group>";
		};
		F7D8ABC61BF48D0E008B5765 /* FWRClassifyChooseViewDemo */ = {
			isa = PBXGroup;
			children = (
				F7B970D01C2B804D00AD7660 /* FWRClassifyChooseView */,
				F7D8ABC71BF48D0E008B5765 /* AppDelegate.swift */,
				F7D8ABC91BF48D0E008B5765 /* ViewController.swift */,
				F7D8ABCB1BF48D0E008B5765 /* Main.storyboard */,
				F7D8ABCE1BF48D0E008B5765 /* Assets.xcassets */,
				F7D8ABD01BF48D0E008B5765 /* LaunchScreen.storyboard */,
				F7D8ABD31BF48D0E008B5765 /* Info.plist */,
			);
			path = FWRClassifyChooseViewDemo;
			sourceTree = "<group>";
		};
		F7D8ABDB1BF48D0E008B5765 /* FWRClassifyChooseViewDemoTests */ = {
			isa = PBXGroup;
			children = (
				F7D8ABDC1BF48D0E008B5765 /* FWRClassifyChooseViewDemoTests.swift */,
				F7D8ABDE1BF48D0E008B5765 /* Info.plist */,
			);
			path = FWRClassifyChooseViewDemoTests;
			sourceTree = "<group>";
		};
		F7D8ABE61BF48D0E008B5765 /* FWRClassifyChooseViewDemoUITests */ = {
			isa = PBXGroup;
			children = (
				F7D8ABE71BF48D0E008B5765 /* FWRClassifyChooseViewDemoUITests.swift */,
				F7D8ABE91BF48D0E008B5765 /* Info.plist */,
			);
			path = FWRClassifyChooseViewDemoUITests;
			sourceTree = "<group>";
		};
/* End PBXGroup section */

/* Begin PBXNativeTarget section */
		F7D8ABC31BF48D0E008B5765 /* FWRClassifyChooseViewDemo */ = {
			isa = PBXNativeTarget;
			buildConfigurationList = F7D8ABEC1BF48D0E008B5765 /* Build configuration list for PBXNativeTarget "FWRClassifyChooseViewDemo" */;
			buildPhases = (
				F7D8ABC01BF48D0E008B5765 /* Sources */,
				F7D8ABC11BF48D0E008B5765 /* Frameworks */,
				F7D8ABC21BF48D0E008B5765 /* Resources */,
			);
			buildRules = (
			);
			dependencies = (
			);
			name = FWRClassifyChooseViewDemo;
			productName = FWRClassifyChooseViewDemo;
			productReference = F7D8ABC41BF48D0E008B5765 /* FWRClassifyChooseViewDemo.app */;
			productType = "com.apple.product-type.application";
		};
		F7D8ABD71BF48D0E008B5765 /* FWRClassifyChooseViewDemoTests */ = {
			isa = PBXNativeTarget;
			buildConfigurationList = F7D8ABEF1BF48D0E008B5765 /* Build configuration list for PBXNativeTarget "FWRClassifyChooseViewDemoTests" */;
			buildPhases = (
				F7D8ABD41BF48D0E008B5765 /* Sources */,
				F7D8ABD51BF48D0E008B5765 /* Frameworks */,
				F7D8ABD61BF48D0E008B5765 /* Resources */,
			);
			buildRules = (
			);
			dependencies = (
				F7D8ABDA1BF48D0E008B5765 /* PBXTargetDependency */,
			);
			name = FWRClassifyChooseViewDemoTests;
			productName = FWRClassifyChooseViewDemoTests;
			productReference = F7D8ABD81BF48D0E008B5765 /* FWRClassifyChooseViewDemoTests.xctest */;
			productType = "com.apple.product-type.bundle.unit-test";
		};
		F7D8ABE21BF48D0E008B5765 /* FWRClassifyChooseViewDemoUITests */ = {
			isa = PBXNativeTarget;
			buildConfigurationList = F7D8ABF21BF48D0E008B5765 /* Build configuration list for PBXNativeTarget "FWRClassifyChooseViewDemoUITests" */;
			buildPhases = (
				F7D8ABDF1BF48D0E008B5765 /* Sources */,
				F7D8ABE01BF48D0E008B5765 /* Frameworks */,
				F7D8ABE11BF48D0E008B5765 /* Resources */,
			);
			buildRules = (
			);
			dependencies = (
				F7D8ABE51BF48D0E008B5765 /* PBXTargetDependency */,
			);
			name = FWRClassifyChooseViewDemoUITests;
			productName = FWRClassifyChooseViewDemoUITests;
			productReference = F7D8ABE31BF48D0E008B5765 /* FWRClassifyChooseViewDemoUITests.xctest */;
			productType = "com.apple.product-type.bundle.ui-testing";
		};
/* End PBXNativeTarget section */

/* Begin PBXProject section */
		F7D8ABBC1BF48D0E008B5765 /* Project object */ = {
			isa = PBXProject;
			attributes = {
				LastSwiftUpdateCheck = 0710;
				LastUpgradeCheck = 0710;
				ORGANIZATIONNAME = medzone;
				TargetAttributes = {
					F7D8ABC31BF48D0E008B5765 = {
						CreatedOnToolsVersion = 7.1;
					};
					F7D8ABD71BF48D0E008B5765 = {
						CreatedOnToolsVersion = 7.1;
						TestTargetID = F7D8ABC31BF48D0E008B5765;
					};
					F7D8ABE21BF48D0E008B5765 = {
						CreatedOnToolsVersion = 7.1;
						TestTargetID = F7D8ABC31BF48D0E008B5765;
					};
				};
			};
			buildConfigurationList = F7D8ABBF1BF48D0E008B5765 /* Build configuration list for PBXProject "FWRClassifyChooseViewDemo" */;
			compatibilityVersion = "Xcode 3.2";
			developmentRegion = English;
			hasScannedForEncodings = 0;
			knownRegions = (
				en,
				Base,
			);
			mainGroup = F7D8ABBB1BF48D0E008B5765;
			productRefGroup = F7D8ABC51BF48D0E008B5765 /* Products */;
			projectDirPath = "";
			projectRoot = "";
			targets = (
				F7D8ABC31BF48D0E008B5765 /* FWRClassifyChooseViewDemo */,
				F7D8ABD71BF48D0E008B5765 /* FWRClassifyChooseViewDemoTests */,
				F7D8ABE21BF48D0E008B5765 /* FWRClassifyChooseViewDemoUITests */,
			);
		};
/* End PBXProject section */

/* Begin PBXResourcesBuildPhase section */
		F7D8ABC21BF48D0E008B5765 /* Resources */ = {
			isa = PBXResourcesBuildPhase;
			buildActionMask = 2147483647;
			files = (
				F7D8ABD21BF48D0E008B5765 /* LaunchScreen.storyboard in Resources */,
				F7D8ABCF1BF48D0E008B5765 /* Assets.xcassets in Resources */,
				F7D8ABCD1BF48D0E008B5765 /* Main.storyboard in Resources */,
			);
			runOnlyForDeploymentPostprocessing = 0;
		};
		F7D8ABD61BF48D0E008B5765 /* Resources */ = {
			isa = PBXResourcesBuildPhase;
			buildActionMask = 2147483647;
			files = (
			);
			runOnlyForDeploymentPostprocessing = 0;
		};
		F7D8ABE11BF48D0E008B5765 /* Resources */ = {
			isa = PBXResourcesBuildPhase;
			buildActionMask = 2147483647;
			files = (
			);
			runOnlyForDeploymentPostprocessing = 0;
		};
/* End PBXResourcesBuildPhase section */

/* Begin PBXSourcesBuildPhase section */
		F7D8ABC01BF48D0E008B5765 /* Sources */ = {
			isa = PBXSourcesBuildPhase;
			buildActionMask = 2147483647;
			files = (
				F7D8ABCA1BF48D0E008B5765 /* ViewController.swift in Sources */,
				F7D8ABC81BF48D0E008B5765 /* AppDelegate.swift in Sources */,
				F7D8ABF61BF48DB2008B5765 /* ClassifyChooseView.swift in Sources */,
			);
			runOnlyForDeploymentPostprocessing = 0;
		};
		F7D8ABD41BF48D0E008B5765 /* Sources */ = {
			isa = PBXSourcesBuildPhase;
			buildActionMask = 2147483647;
			files = (
				F7D8ABDD1BF48D0E008B5765 /* FWRClassifyChooseViewDemoTests.swift in Sources */,
			);
			runOnlyForDeploymentPostprocessing = 0;
		};
		F7D8ABDF1BF48D0E008B5765 /* Sources */ = {
			isa = PBXSourcesBuildPhase;
			buildActionMask = 2147483647;
			files = (
				F7D8ABE81BF48D0E008B5765 /* FWRClassifyChooseViewDemoUITests.swift in Sources */,
			);
			runOnlyForDeploymentPostprocessing = 0;
		};
/* End PBXSourcesBuildPhase section */

/* Begin PBXTargetDependency section */
		F7D8ABDA1BF48D0E008B5765 /* PBXTargetDependency */ = {
			isa = PBXTargetDependency;
			target = F7D8ABC31BF48D0E008B5765 /* FWRClassifyChooseViewDemo */;
			targetProxy = F7D8ABD91BF48D0E008B5765 /* PBXContainerItemProxy */;
		};
		F7D8ABE51BF48D0E008B5765 /* PBXTargetDependency */ = {
			isa = PBXTargetDependency;
			target = F7D8ABC31BF48D0E008B5765 /* FWRClassifyChooseViewDemo */;
			targetProxy = F7D8ABE41BF48D0E008B5765 /* PBXContainerItemProxy */;
		};
/* End PBXTargetDependency section */

/* Begin PBXVariantGroup section */
		F7D8ABCB1BF48D0E008B5765 /* Main.storyboard */ = {
			isa = PBXVariantGroup;
			children = (
				F7D8ABCC1BF48D0E008B5765 /* Base */,
			);
			name = Main.storyboard;
			sourceTree = "<group>";
		};
		F7D8ABD01BF48D0E008B5765 /* LaunchScreen.storyboard */ = {
			isa = PBXVariantGroup;
			children = (
				F7D8ABD11BF48D0E008B5765 /* Base */,
			);
			name = LaunchScreen.storyboard;
			sourceTree = "<group>";
		};
/* End PBXVariantGroup section */

/* Begin XCBuildConfiguration section */
		F7D8ABEA1BF48D0E008B5765 /* Debug */ = {
			isa = XCBuildConfiguration;
			buildSettings = {
				ALWAYS_SEARCH_USER_PATHS = NO;
				CLANG_CXX_LANGUAGE_STANDARD = "gnu++0x";
				CLANG_CXX_LIBRARY = "libc++";
				CLANG_ENABLE_MODULES = YES;
				CLANG_ENABLE_OBJC_ARC = YES;
				CLANG_WARN_BOOL_CONVERSION = YES;
				CLANG_WARN_CONSTANT_CONVERSION = YES;
				CLANG_WARN_DIRECT_OBJC_ISA_USAGE = YES_ERROR;
				CLANG_WARN_EMPTY_BODY = YES;
				CLANG_WARN_ENUM_CONVERSION = YES;
				CLANG_WARN_INT_CONVERSION = YES;
				CLANG_WARN_OBJC_ROOT_CLASS = YES_ERROR;
				CLANG_WARN_UNREACHABLE_CODE = YES;
				CLANG_WARN__DUPLICATE_METHOD_MATCH = YES;
				"CODE_SIGN_IDENTITY[sdk=iphoneos*]" = "iPhone Developer";
				COPY_PHASE_STRIP = NO;
				DEBUG_INFORMATION_FORMAT = dwarf;
				ENABLE_STRICT_OBJC_MSGSEND = YES;
				ENABLE_TESTABILITY = YES;
				GCC_C_LANGUAGE_STANDARD = gnu99;
				GCC_DYNAMIC_NO_PIC = NO;
				GCC_NO_COMMON_BLOCKS = YES;
				GCC_OPTIMIZATION_LEVEL = 0;
				GCC_PREPROCESSOR_DEFINITIONS = (
					"DEBUG=1",
					"$(inherited)",
				);
				GCC_WARN_64_TO_32_BIT_CONVERSION = YES;
				GCC_WARN_ABOUT_RETURN_TYPE = YES_ERROR;
				GCC_WARN_UNDECLARED_SELECTOR = YES;
				GCC_WARN_UNINITIALIZED_AUTOS = YES_AGGRESSIVE;
				GCC_WARN_UNUSED_FUNCTION = YES;
				GCC_WARN_UNUSED_VARIABLE = YES;
				IPHONEOS_DEPLOYMENT_TARGET = 9.1;
				MTL_ENABLE_DEBUG_INFO = YES;
				ONLY_ACTIVE_ARCH = YES;
				SDKROOT = iphoneos;
				SWIFT_OPTIMIZATION_LEVEL = "-Onone";
			};
			name = Debug;
		};
		F7D8ABEB1BF48D0E008B5765 /* Release */ = {
			isa = XCBuildConfiguration;
			buildSettings = {
				ALWAYS_SEARCH_USER_PATHS = NO;
				CLANG_CXX_LANGUAGE_STANDARD = "gnu++0x";
				CLANG_CXX_LIBRARY = "libc++";
				CLANG_ENABLE_MODULES = YES;
				CLANG_ENABLE_OBJC_ARC = YES;
				CLANG_WARN_BOOL_CONVERSION = YES;
				CLANG_WARN_CONSTANT_CONVERSION = YES;
				CLANG_WARN_DIRECT_OBJC_ISA_USAGE = YES_ERROR;
				CLANG_WARN_EMPTY_BODY = YES;
				CLANG_WARN_ENUM_CONVERSION = YES;
				CLANG_WARN_INT_CONVERSION = YES;
				CLANG_WARN_OBJC_ROOT_CLASS = YES_ERROR;
				CLANG_WARN_UNREACHABLE_CODE = YES;
				CLANG_WARN__DUPLICATE_METHOD_MATCH = YES;
				"CODE_SIGN_IDENTITY[sdk=iphoneos*]" = "iPhone Developer";
				COPY_PHASE_STRIP = NO;
				DEBUG_INFORMATION_FORMAT = "dwarf-with-dsym";
				ENABLE_NS_ASSERTIONS = NO;
				ENABLE_STRICT_OBJC_MSGSEND = YES;
				GCC_C_LANGUAGE_STANDARD = gnu99;
				GCC_NO_COMMON_BLOCKS = YES;
				GCC_WARN_64_TO_32_BIT_CONVERSION = YES;
				GCC_WARN_ABOUT_RETURN_TYPE = YES_ERROR;
				GCC_WARN_UNDECLARED_SELECTOR = YES;
				GCC_WARN_UNINITIALIZED_AUTOS = YES_AGGRESSIVE;
				GCC_WARN_UNUSED_FUNCTION = YES;
				GCC_WARN_UNUSED_VARIABLE = YES;
				IPHONEOS_DEPLOYMENT_TARGET = 9.1;
				MTL_ENABLE_DEBUG_INFO = NO;
				SDKROOT = iphoneos;
				VALIDATE_PRODUCT = YES;
			};
			name = Release;
		};
		F7D8ABED1BF48D0E008B5765 /* Debug */ = {
			isa = XCBuildConfiguration;
			buildSettings = {
				ASSETCATALOG_COMPILER_APPICON_NAME = AppIcon;
				INFOPLIST_FILE = FWRClassifyChooseViewDemo/Info.plist;
				LD_RUNPATH_SEARCH_PATHS = "$(inherited) @executable_path/Frameworks";
				PRODUCT_BUNDLE_IDENTIFIER = com.ddd.FWRClassifyChooseViewDemo;
				PRODUCT_NAME = "$(TARGET_NAME)";
			};
			name = Debug;
		};
		F7D8ABEE1BF48D0E008B5765 /* Release */ = {
			isa = XCBuildConfiguration;
			buildSettings = {
				ASSETCATALOG_COMPILER_APPICON_NAME = AppIcon;
				INFOPLIST_FILE = FWRClassifyChooseViewDemo/Info.plist;
				LD_RUNPATH_SEARCH_PATHS = "$(inherited) @executable_path/Frameworks";
				PRODUCT_BUNDLE_IDENTIFIER = com.ddd.FWRClassifyChooseViewDemo;
				PRODUCT_NAME = "$(TARGET_NAME)";
			};
			name = Release;
		};
		F7D8ABF01BF48D0E008B5765 /* Debug */ = {
			isa = XCBuildConfiguration;
			buildSettings = {
				BUNDLE_LOADER = "$(TEST_HOST)";
				INFOPLIST_FILE = FWRClassifyChooseViewDemoTests/Info.plist;
				LD_RUNPATH_SEARCH_PATHS = "$(inherited) @executable_path/Frameworks @loader_path/Frameworks";
				PRODUCT_BUNDLE_IDENTIFIER = com.ddd.FWRClassifyChooseViewDemoTests;
				PRODUCT_NAME = "$(TARGET_NAME)";
				TEST_HOST = "$(BUILT_PRODUCTS_DIR)/FWRClassifyChooseViewDemo.app/FWRClassifyChooseViewDemo";
			};
			name = Debug;
		};
		F7D8ABF11BF48D0E008B5765 /* Release */ = {
			isa = XCBuildConfiguration;
			buildSettings = {
				BUNDLE_LOADER = "$(TEST_HOST)";
				INFOPLIST_FILE = FWRClassifyChooseViewDemoTests/Info.plist;
				LD_RUNPATH_SEARCH_PATHS = "$(inherited) @executable_path/Frameworks @loader_path/Frameworks";
				PRODUCT_BUNDLE_IDENTIFIER = com.ddd.FWRClassifyChooseViewDemoTests;
				PRODUCT_NAME = "$(TARGET_NAME)";
				TEST_HOST = "$(BUILT_PRODUCTS_DIR)/FWRClassifyChooseViewDemo.app/FWRClassifyChooseViewDemo";
			};
			name = Release;
		};
		F7D8ABF31BF48D0E008B5765 /* Debug */ = {
			isa = XCBuildConfiguration;
			buildSettings = {
				INFOPLIST_FILE = FWRClassifyChooseViewDemoUITests/Info.plist;
				LD_RUNPATH_SEARCH_PATHS = "$(inherited) @executable_path/Frameworks @loader_path/Frameworks";
				PRODUCT_BUNDLE_IDENTIFIER = com.ddd.FWRClassifyChooseViewDemoUITests;
				PRODUCT_NAME = "$(TARGET_NAME)";
				TEST_TARGET_NAME = FWRClassifyChooseViewDemo;
				USES_XCTRUNNER = YES;
			};
			name = Debug;
		};
		F7D8ABF41BF48D0E008B5765 /* Release */ = {
			isa = XCBuildConfiguration;
			buildSettings = {
				INFOPLIST_FILE = FWRClassifyChooseViewDemoUITests/Info.plist;
				LD_RUNPATH_SEARCH_PATHS = "$(inherited) @executable_path/Frameworks @loader_path/Frameworks";
				PRODUCT_BUNDLE_IDENTIFIER = com.ddd.FWRClassifyChooseViewDemoUITests;
				PRODUCT_NAME = "$(TARGET_NAME)";
				TEST_TARGET_NAME = FWRClassifyChooseViewDemo;
				USES_XCTRUNNER = YES;
			};
			name = Release;
		};
/* End XCBuildConfiguration section */

/* Begin XCConfigurationList section */
		F7D8ABBF1BF48D0E008B5765 /* Build configuration list for PBXProject "FWRClassifyChooseViewDemo" */ = {
			isa = XCConfigurationList;
			buildConfigurations = (
				F7D8ABEA1BF48D0E008B5765 /* Debug */,
				F7D8ABEB1BF48D0E008B5765 /* Release */,
			);
			defaultConfigurationIsVisible = 0;
			defaultConfigurationName = Release;
		};
		F7D8ABEC1BF48D0E008B5765 /* Build configuration list for PBXNativeTarget "FWRClassifyChooseViewDemo" */ = {
			isa = XCConfigurationList;
			buildConfigurations = (
				F7D8ABED1BF48D0E008B5765 /* Debug */,
				F7D8ABEE1BF48D0E008B5765 /* Release */,
			);
			defaultConfigurationIsVisible = 0;
			defaultConfigurationName = Release;
		};
		F7D8ABEF1BF48D0E008B5765 /* Build configuration list for PBXNativeTarget "FWRClassifyChooseViewDemoTests" */ = {
			isa = XCConfigurationList;
			buildConfigurations = (
				F7D8ABF01BF48D0E008B5765 /* Debug */,
				F7D8ABF11BF48D0E008B5765 /* Release */,
			);
			defaultConfigurationIsVisible = 0;
			defaultConfigurationName = Release;
		};
		F7D8ABF21BF48D0E008B5765 /* Build configuration list for PBXNativeTarget "FWRClassifyChooseViewDemoUITests" */ = {
			isa = XCConfigurationList;
			buildConfigurations = (
				F7D8ABF31BF48D0E008B5765 /* Debug */,
				F7D8ABF41BF48D0E008B5765 /* Release */,
			);
			defaultConfigurationIsVisible = 0;
			defaultConfigurationName = Release;
		};
/* End XCConfigurationList section */
	};
	rootObject = F7D8ABBC1BF48D0E008B5765 /* Project object */;
}
