// !$*UTF8*$!
{
	archiveVersion = 1;
	classes = {
	};
	objectVersion = 46;
	objects = {

/* Begin PBXBuildFile section */
		457F59951BBBD6CE00D6FCE0 /* main.m in Sources */ = {isa = PBXBuildFile; fileRef = 457F59941BBBD6CE00D6FCE0 /* main.m */; };
		457F59981BBBD6CE00D6FCE0 /* AppDelegate.m in Sources */ = {isa = PBXBuildFile; fileRef = 457F59971BBBD6CE00D6FCE0 /* AppDelegate.m */; };
		457F599B1BBBD6CE00D6FCE0 /* ViewController.m in Sources */ = {isa = PBXBuildFile; fileRef = 457F599A1BBBD6CE00D6FCE0 /* ViewController.m */; };
		457F599E1BBBD6CE00D6FCE0 /* Main.storyboard in Resources */ = {isa = PBXBuildFile; fileRef = 457F599C1BBBD6CE00D6FCE0 /* Main.storyboard */; };
		457F59A01BBBD6CE00D6FCE0 /* Assets.xcassets in Resources */ = {isa = PBXBuildFile; fileRef = 457F599F1BBBD6CE00D6FCE0 /* Assets.xcassets */; };
		457F59A31BBBD6CE00D6FCE0 /* LaunchScreen.storyboard in Resources */ = {isa = PBXBuildFile; fileRef = 457F59A11BBBD6CE00D6FCE0 /* LaunchScreen.storyboard */; };
		457F59AE1BBBD6CE00D6FCE0 /* FWRClassifyChooseViewDemoTests.m in Sources */ = {isa = PBXBuildFile; fileRef = 457F59AD1BBBD6CE00D6FCE0 /* FWRClassifyChooseViewDemoTests.m */; };
		457F59B91BBBD6CE00D6FCE0 /* FWRClassifyChooseViewDemoUITests.m in Sources */ = {isa = PBXBuildFile; fileRef = 457F59B81BBBD6CE00D6FCE0 /* FWRClassifyChooseViewDemoUITests.m */; };
		457F59CD1BBBDBB300D6FCE0 /* ClassifyChooseView.m in Sources */ = {isa = PBXBuildFile; fileRef = 457F59CC1BBBDBB300D6FCE0 /* ClassifyChooseView.m */; settings = {ASSET_TAGS = (); }; };
/* End PBXBuildFile section */

/* Begin PBXContainerItemProxy section */
		457F59AA1BBBD6CE00D6FCE0 /* PBXContainerItemProxy */ = {
			isa = PBXContainerItemProxy;
			containerPortal = 457F59881BBBD6CE00D6FCE0 /* Project object */;
			proxyType = 1;
			remoteGlobalIDString = 457F598F1BBBD6CE00D6FCE0;
			remoteInfo = FWRClassifyChooseViewDemo;
		};
		457F59B51BBBD6CE00D6FCE0 /* PBXContainerItemProxy */ = {
			isa = PBXContainerItemProxy;
			containerPortal = 457F59881BBBD6CE00D6FCE0 /* Project object */;
			proxyType = 1;
			remoteGlobalIDString = 457F598F1BBBD6CE00D6FCE0;
			remoteInfo = FWRClassifyChooseViewDemo;
		};
/* End PBXContainerItemProxy section */

/* Begin PBXFileReference section */
		457F59901BBBD6CE00D6FCE0 /* FWRClassifyChooseViewDemo.app */ = {isa = PBXFileReference; explicitFileType = wrapper.application; includeInIndex = 0; path = FWRClassifyChooseViewDemo.app; sourceTree = BUILT_PRODUCTS_DIR; };
		457F59941BBBD6CE00D6FCE0 /* main.m */ = {isa = PBXFileReference; lastKnownFileType = sourcecode.c.objc; path = main.m; sourceTree = "<group>"; };
		457F59961BBBD6CE00D6FCE0 /* AppDelegate.h */ = {isa = PBXFileReference; lastKnownFileType = sourcecode.c.h; path = AppDelegate.h; sourceTree = "<group>"; };
		457F59971BBBD6CE00D6FCE0 /* AppDelegate.m */ = {isa = PBXFileReference; lastKnownFileType = sourcecode.c.objc; path = AppDelegate.m; sourceTree = "<group>"; };
		457F59991BBBD6CE00D6FCE0 /* ViewController.h */ = {isa = PBXFileReference; lastKnownFileType = sourcecode.c.h; path = ViewController.h; sourceTree = "<group>"; };
		457F599A1BBBD6CE00D6FCE0 /* ViewController.m */ = {isa = PBXFileReference; lastKnownFileType = sourcecode.c.objc; path = ViewController.m; sourceTree = "<group>"; };
		457F599D1BBBD6CE00D6FCE0 /* Base */ = {isa = PBXFileReference; lastKnownFileType = file.storyboard; name = Base; path = Base.lproj/Main.storyboard; sourceTree = "<group>"; };
		457F599F1BBBD6CE00D6FCE0 /* Assets.xcassets */ = {isa = PBXFileReference; lastKnownFileType = folder.assetcatalog; path = Assets.xcassets; sourceTree = "<group>"; };
		457F59A21BBBD6CE00D6FCE0 /* Base */ = {isa = PBXFileReference; lastKnownFileType = file.storyboard; name = Base; path = Base.lproj/LaunchScreen.storyboard; sourceTree = "<group>"; };
		457F59A41BBBD6CE00D6FCE0 /* Info.plist */ = {isa = PBXFileReference; lastKnownFileType = text.plist.xml; path = Info.plist; sourceTree = "<group>"; };
		457F59A91BBBD6CE00D6FCE0 /* FWRClassifyChooseViewDemoTests.xctest */ = {isa = PBXFileReference; explicitFileType = wrapper.cfbundle; includeInIndex = 0; path = FWRClassifyChooseViewDemoTests.xctest; sourceTree = BUILT_PRODUCTS_DIR; };
		457F59AD1BBBD6CE00D6FCE0 /* FWRClassifyChooseViewDemoTests.m */ = {isa = PBXFileReference; lastKnownFileType = sourcecode.c.objc; path = FWRClassifyChooseViewDemoTests.m; sourceTree = "<group>"; };
		457F59AF1BBBD6CE00D6FCE0 /* Info.plist */ = {isa = PBXFileReference; lastKnownFileType = text.plist.xml; path = Info.plist; sourceTree = "<group>"; };
		457F59B41BBBD6CE00D6FCE0 /* FWRClassifyChooseViewDemoUITests.xctest */ = {isa = PBXFileReference; explicitFileType = wrapper.cfbundle; includeInIndex = 0; path = FWRClassifyChooseViewDemoUITests.xctest; sourceTree = BUILT_PRODUCTS_DIR; };
		457F59B81BBBD6CE00D6FCE0 /* FWRClassifyChooseViewDemoUITests.m */ = {isa = PBXFileReference; lastKnownFileType = sourcecode.c.objc; path = FWRClassifyChooseViewDemoUITests.m; sourceTree = "<group>"; };
		457F59BA1BBBD6CE00D6FCE0 /* Info.plist */ = {isa = PBXFileReference; lastKnownFileType = text.plist.xml; path = Info.plist; sourceTree = "<group>"; };
		457F59CB1BBBDBB300D6FCE0 /* ClassifyChooseView.h */ = {isa = PBXFileReference; fileEncoding = 4; lastKnownFileType = sourcecode.c.h; path = ClassifyChooseView.h; sourceTree = "<group>"; };
		457F59CC1BBBDBB300D6FCE0 /* ClassifyChooseView.m */ = {isa = PBXFileReference; fileEncoding = 4; lastKnownFileType = sourcecode.c.objc; path = ClassifyChooseView.m; sourceTree = "<group>"; };
/* End PBXFileReference section */

/* Begin PBXFrameworksBuildPhase section */
		457F598D1BBBD6CE00D6FCE0 /* Frameworks */ = {
			isa = PBXFrameworksBuildPhase;
			buildActionMask = 2147483647;
			files = (
			);
			runOnlyForDeploymentPostprocessing = 0;
		};
		457F59A61BBBD6CE00D6FCE0 /* Frameworks */ = {
			isa = PBXFrameworksBuildPhase;
			buildActionMask = 2147483647;
			files = (
			);
			runOnlyForDeploymentPostprocessing = 0;
		};
		457F59B11BBBD6CE00D6FCE0 /* Frameworks */ = {
			isa = PBXFrameworksBuildPhase;
			buildActionMask = 2147483647;
			files = (
			);
			runOnlyForDeploymentPostprocessing = 0;
		};
/* End PBXFrameworksBuildPhase section */

/* Begin PBXGroup section */
		457F59871BBBD6CE00D6FCE0 = {
			isa = PBXGroup;
			children = (
				457F59921BBBD6CE00D6FCE0 /* FWRClassifyChooseViewDemo */,
				457F59AC1BBBD6CE00D6FCE0 /* FWRClassifyChooseViewDemoTests */,
				457F59B71BBBD6CE00D6FCE0 /* FWRClassifyChooseViewDemoUITests */,
				457F59911BBBD6CE00D6FCE0 /* Products */,
			);
			sourceTree = "<group>";
		};
		457F59911BBBD6CE00D6FCE0 /* Products */ = {
			isa = PBXGroup;
			children = (
				457F59901BBBD6CE00D6FCE0 /* FWRClassifyChooseViewDemo.app */,
				457F59A91BBBD6CE00D6FCE0 /* FWRClassifyChooseViewDemoTests.xctest */,
				457F59B41BBBD6CE00D6FCE0 /* FWRClassifyChooseViewDemoUITests.xctest */,
			);
			name = Products;
			sourceTree = "<group>";
		};
		457F59921BBBD6CE00D6FCE0 /* FWRClassifyChooseViewDemo */ = {
			isa = PBXGroup;
			children = (
				457F59CA1BBBDBB300D6FCE0 /* FWRClassifyChooseView */,
				457F59961BBBD6CE00D6FCE0 /* AppDelegate.h */,
				457F59971BBBD6CE00D6FCE0 /* AppDelegate.m */,
				457F59991BBBD6CE00D6FCE0 /* ViewController.h */,
				457F599A1BBBD6CE00D6FCE0 /* ViewController.m */,
				457F599C1BBBD6CE00D6FCE0 /* Main.storyboard */,
				457F599F1BBBD6CE00D6FCE0 /* Assets.xcassets */,
				457F59A11BBBD6CE00D6FCE0 /* LaunchScreen.storyboard */,
				457F59A41BBBD6CE00D6FCE0 /* Info.plist */,
				457F59931BBBD6CE00D6FCE0 /* Supporting Files */,
			);
			path = FWRClassifyChooseViewDemo;
			sourceTree = "<group>";
		};
		457F59931BBBD6CE00D6FCE0 /* Supporting Files */ = {
			isa = PBXGroup;
			children = (
				457F59941BBBD6CE00D6FCE0 /* main.m */,
			);
			name = "Supporting Files";
			sourceTree = "<group>";
		};
		457F59AC1BBBD6CE00D6FCE0 /* FWRClassifyChooseViewDemoTests */ = {
			isa = PBXGroup;
			children = (
				457F59AD1BBBD6CE00D6FCE0 /* FWRClassifyChooseViewDemoTests.m */,
				457F59AF1BBBD6CE00D6FCE0 /* Info.plist */,
			);
			path = FWRClassifyChooseViewDemoTests;
			sourceTree = "<group>";
		};
		457F59B71BBBD6CE00D6FCE0 /* FWRClassifyChooseViewDemoUITests */ = {
			isa = PBXGroup;
			children = (
				457F59B81BBBD6CE00D6FCE0 /* FWRClassifyChooseViewDemoUITests.m */,
				457F59BA1BBBD6CE00D6FCE0 /* Info.plist */,
			);
			path = FWRClassifyChooseViewDemoUITests;
			sourceTree = "<group>";
		};
		457F59CA1BBBDBB300D6FCE0 /* FWRClassifyChooseView */ = {
			isa = PBXGroup;
			children = (
				457F59CB1BBBDBB300D6FCE0 /* ClassifyChooseView.h */,
				457F59CC1BBBDBB300D6FCE0 /* ClassifyChooseView.m */,
			);
			path = FWRClassifyChooseView;
			sourceTree = "<group>";
		};
/* End PBXGroup section */

/* Begin PBXNativeTarget section */
		457F598F1BBBD6CE00D6FCE0 /* FWRClassifyChooseViewDemo */ = {
			isa = PBXNativeTarget;
			buildConfigurationList = 457F59BD1BBBD6CE00D6FCE0 /* Build configuration list for PBXNativeTarget "FWRClassifyChooseViewDemo" */;
			buildPhases = (
				457F598C1BBBD6CE00D6FCE0 /* Sources */,
				457F598D1BBBD6CE00D6FCE0 /* Frameworks */,
				457F598E1BBBD6CE00D6FCE0 /* Resources */,
			);
			buildRules = (
			);
			dependencies = (
			);
			name = FWRClassifyChooseViewDemo;
			productName = FWRClassifyChooseViewDemo;
			productReference = 457F59901BBBD6CE00D6FCE0 /* FWRClassifyChooseViewDemo.app */;
			productType = "com.apple.product-type.application";
		};
		457F59A81BBBD6CE00D6FCE0 /* FWRClassifyChooseViewDemoTests */ = {
			isa = PBXNativeTarget;
			buildConfigurationList = 457F59C01BBBD6CE00D6FCE0 /* Build configuration list for PBXNativeTarget "FWRClassifyChooseViewDemoTests" */;
			buildPhases = (
				457F59A51BBBD6CE00D6FCE0 /* Sources */,
				457F59A61BBBD6CE00D6FCE0 /* Frameworks */,
				457F59A71BBBD6CE00D6FCE0 /* Resources */,
			);
			buildRules = (
			);
			dependencies = (
				457F59AB1BBBD6CE00D6FCE0 /* PBXTargetDependency */,
			);
			name = FWRClassifyChooseViewDemoTests;
			productName = FWRClassifyChooseViewDemoTests;
			productReference = 457F59A91BBBD6CE00D6FCE0 /* FWRClassifyChooseViewDemoTests.xctest */;
			productType = "com.apple.product-type.bundle.unit-test";
		};
		457F59B31BBBD6CE00D6FCE0 /* FWRClassifyChooseViewDemoUITests */ = {
			isa = PBXNativeTarget;
			buildConfigurationList = 457F59C31BBBD6CE00D6FCE0 /* Build configuration list for PBXNativeTarget "FWRClassifyChooseViewDemoUITests" */;
			buildPhases = (
				457F59B01BBBD6CE00D6FCE0 /* Sources */,
				457F59B11BBBD6CE00D6FCE0 /* Frameworks */,
				457F59B21BBBD6CE00D6FCE0 /* Resources */,
			);
			buildRules = (
			);
			dependencies = (
				457F59B61BBBD6CE00D6FCE0 /* PBXTargetDependency */,
			);
			name = FWRClassifyChooseViewDemoUITests;
			productName = FWRClassifyChooseViewDemoUITests;
			productReference = 457F59B41BBBD6CE00D6FCE0 /* FWRClassifyChooseViewDemoUITests.xctest */;
			productType = "com.apple.product-type.bundle.ui-testing";
		};
/* End PBXNativeTarget section */

/* Begin PBXProject section */
		457F59881BBBD6CE00D6FCE0 /* Project object */ = {
			isa = PBXProject;
			attributes = {
				LastUpgradeCheck = 0700;
				ORGANIZATIONNAME = "冯伟如";
				TargetAttributes = {
					457F598F1BBBD6CE00D6FCE0 = {
						CreatedOnToolsVersion = 7.0;
					};
					457F59A81BBBD6CE00D6FCE0 = {
						CreatedOnToolsVersion = 7.0;
						TestTargetID = 457F598F1BBBD6CE00D6FCE0;
					};
					457F59B31BBBD6CE00D6FCE0 = {
						CreatedOnToolsVersion = 7.0;
						TestTargetID = 457F598F1BBBD6CE00D6FCE0;
					};
				};
			};
			buildConfigurationList = 457F598B1BBBD6CE00D6FCE0 /* Build configuration list for PBXProject "FWRClassifyChooseViewDemo" */;
			compatibilityVersion = "Xcode 3.2";
			developmentRegion = English;
			hasScannedForEncodings = 0;
			knownRegions = (
				en,
				Base,
			);
			mainGroup = 457F59871BBBD6CE00D6FCE0;
			productRefGroup = 457F59911BBBD6CE00D6FCE0 /* Products */;
			projectDirPath = "";
			projectRoot = "";
			targets = (
				457F598F1BBBD6CE00D6FCE0 /* FWRClassifyChooseViewDemo */,
				457F59A81BBBD6CE00D6FCE0 /* FWRClassifyChooseViewDemoTests */,
				457F59B31BBBD6CE00D6FCE0 /* FWRClassifyChooseViewDemoUITests */,
			);
		};
/* End PBXProject section */

/* Begin PBXResourcesBuildPhase section */
		457F598E1BBBD6CE00D6FCE0 /* Resources */ = {
			isa = PBXResourcesBuildPhase;
			buildActionMask = 2147483647;
			files = (
				457F59A31BBBD6CE00D6FCE0 /* LaunchScreen.storyboard in Resources */,
				457F59A01BBBD6CE00D6FCE0 /* Assets.xcassets in Resources */,
				457F599E1BBBD6CE00D6FCE0 /* Main.storyboard in Resources */,
			);
			runOnlyForDeploymentPostprocessing = 0;
		};
		457F59A71BBBD6CE00D6FCE0 /* Resources */ = {
			isa = PBXResourcesBuildPhase;
			buildActionMask = 2147483647;
			files = (
			);
			runOnlyForDeploymentPostprocessing = 0;
		};
		457F59B21BBBD6CE00D6FCE0 /* Resources */ = {
			isa = PBXResourcesBuildPhase;
			buildActionMask = 2147483647;
			files = (
			);
			runOnlyForDeploymentPostprocessing = 0;
		};
/* End PBXResourcesBuildPhase section */

/* Begin PBXSourcesBuildPhase section */
		457F598C1BBBD6CE00D6FCE0 /* Sources */ = {
			isa = PBXSourcesBuildPhase;
			buildActionMask = 2147483647;
			files = (
				457F599B1BBBD6CE00D6FCE0 /* ViewController.m in Sources */,
				457F59CD1BBBDBB300D6FCE0 /* ClassifyChooseView.m in Sources */,
				457F59981BBBD6CE00D6FCE0 /* AppDelegate.m in Sources */,
				457F59951BBBD6CE00D6FCE0 /* main.m in Sources */,
			);
			runOnlyForDeploymentPostprocessing = 0;
		};
		457F59A51BBBD6CE00D6FCE0 /* Sources */ = {
			isa = PBXSourcesBuildPhase;
			buildActionMask = 2147483647;
			files = (
				457F59AE1BBBD6CE00D6FCE0 /* FWRClassifyChooseViewDemoTests.m in Sources */,
			);
			runOnlyForDeploymentPostprocessing = 0;
		};
		457F59B01BBBD6CE00D6FCE0 /* Sources */ = {
			isa = PBXSourcesBuildPhase;
			buildActionMask = 2147483647;
			files = (
				457F59B91BBBD6CE00D6FCE0 /* FWRClassifyChooseViewDemoUITests.m in Sources */,
			);
			runOnlyForDeploymentPostprocessing = 0;
		};
/* End PBXSourcesBuildPhase section */

/* Begin PBXTargetDependency section */
		457F59AB1BBBD6CE00D6FCE0 /* PBXTargetDependency */ = {
			isa = PBXTargetDependency;
			target = 457F598F1BBBD6CE00D6FCE0 /* FWRClassifyChooseViewDemo */;
			targetProxy = 457F59AA1BBBD6CE00D6FCE0 /* PBXContainerItemProxy */;
		};
		457F59B61BBBD6CE00D6FCE0 /* PBXTargetDependency */ = {
			isa = PBXTargetDependency;
			target = 457F598F1BBBD6CE00D6FCE0 /* FWRClassifyChooseViewDemo */;
			targetProxy = 457F59B51BBBD6CE00D6FCE0 /* PBXContainerItemProxy */;
		};
/* End PBXTargetDependency section */

/* Begin PBXVariantGroup section */
		457F599C1BBBD6CE00D6FCE0 /* Main.storyboard */ = {
			isa = PBXVariantGroup;
			children = (
				457F599D1BBBD6CE00D6FCE0 /* Base */,
			);
			name = Main.storyboard;
			sourceTree = "<group>";
		};
		457F59A11BBBD6CE00D6FCE0 /* LaunchScreen.storyboard */ = {
			isa = PBXVariantGroup;
			children = (
				457F59A21BBBD6CE00D6FCE0 /* Base */,
			);
			name = LaunchScreen.storyboard;
			sourceTree = "<group>";
		};
/* End PBXVariantGroup section */

/* Begin XCBuildConfiguration section */
		457F59BB1BBBD6CE00D6FCE0 /* Debug */ = {
			isa = XCBuildConfiguration;
			buildSettings = {
				ALWAYS_SEARCH_USER_PATHS = NO;
				CLANG_CXX_LANGUAGE_STANDARD = "gnu++0x";
				CLANG_CXX_LIBRARY = "libc++";
				CLANG_ENABLE_MODULES = YES;
				CLANG_ENABLE_OBJC_ARC = YES;
				CLANG_WARN_BOOL_CONVERSION = YES;
				CLANG_WARN_CONSTANT_CONVERSION = YES;
				CLANG_WARN_DIRECT_OBJC_ISA_USAGE = YES_ERROR;
				CLANG_WARN_EMPTY_BODY = YES;
				CLANG_WARN_ENUM_CONVERSION = YES;
				CLANG_WARN_INT_CONVERSION = YES;
				CLANG_WARN_OBJC_ROOT_CLASS = YES_ERROR;
				CLANG_WARN_UNREACHABLE_CODE = YES;
				CLANG_WARN__DUPLICATE_METHOD_MATCH = YES;
				"CODE_SIGN_IDENTITY[sdk=iphoneos*]" = "iPhone Developer";
				COPY_PHASE_STRIP = NO;
				DEBUG_INFORMATION_FORMAT = dwarf;
				ENABLE_STRICT_OBJC_MSGSEND = YES;
				ENABLE_TESTABILITY = YES;
				GCC_C_LANGUAGE_STANDARD = gnu99;
				GCC_DYNAMIC_NO_PIC = NO;
				GCC_NO_COMMON_BLOCKS = YES;
				GCC_OPTIMIZATION_LEVEL = 0;
				GCC_PREPROCESSOR_DEFINITIONS = (
					"DEBUG=1",
					"$(inherited)",
				);
				GCC_WARN_64_TO_32_BIT_CONVERSION = YES;
				GCC_WARN_ABOUT_RETURN_TYPE = YES_ERROR;
				GCC_WARN_UNDECLARED_SELECTOR = YES;
				GCC_WARN_UNINITIALIZED_AUTOS = YES_AGGRESSIVE;
				GCC_WARN_UNUSED_FUNCTION = YES;
				GCC_WARN_UNUSED_VARIABLE = YES;
				IPHONEOS_DEPLOYMENT_TARGET = 9.0;
				MTL_ENABLE_DEBUG_INFO = YES;
				ONLY_ACTIVE_ARCH = YES;
				SDKROOT = iphoneos;
				TARGETED_DEVICE_FAMILY = "1,2";
			};
			name = Debug;
		};
		457F59BC1BBBD6CE00D6FCE0 /* Release */ = {
			isa = XCBuildConfiguration;
			buildSettings = {
				ALWAYS_SEARCH_USER_PATHS = NO;
				CLANG_CXX_LANGUAGE_STANDARD = "gnu++0x";
				CLANG_CXX_LIBRARY = "libc++";
				CLANG_ENABLE_MODULES = YES;
				CLANG_ENABLE_OBJC_ARC = YES;
				CLANG_WARN_BOOL_CONVERSION = YES;
				CLANG_WARN_CONSTANT_CONVERSION = YES;
				CLANG_WARN_DIRECT_OBJC_ISA_USAGE = YES_ERROR;
				CLANG_WARN_EMPTY_BODY = YES;
				CLANG_WARN_ENUM_CONVERSION = YES;
				CLANG_WARN_INT_CONVERSION = YES;
				CLANG_WARN_OBJC_ROOT_CLASS = YES_ERROR;
				CLANG_WARN_UNREACHABLE_CODE = YES;
				CLANG_WARN__DUPLICATE_METHOD_MATCH = YES;
				"CODE_SIGN_IDENTITY[sdk=iphoneos*]" = "iPhone Developer";
				COPY_PHASE_STRIP = NO;
				DEBUG_INFORMATION_FORMAT = "dwarf-with-dsym";
				ENABLE_NS_ASSERTIONS = NO;
				ENABLE_STRICT_OBJC_MSGSEND = YES;
				GCC_C_LANGUAGE_STANDARD = gnu99;
				GCC_NO_COMMON_BLOCKS = YES;
				GCC_WARN_64_TO_32_BIT_CONVERSION = YES;
				GCC_WARN_ABOUT_RETURN_TYPE = YES_ERROR;
				GCC_WARN_UNDECLARED_SELECTOR = YES;
				GCC_WARN_UNINITIALIZED_AUTOS = YES_AGGRESSIVE;
				GCC_WARN_UNUSED_FUNCTION = YES;
				GCC_WARN_UNUSED_VARIABLE = YES;
				IPHONEOS_DEPLOYMENT_TARGET = 9.0;
				MTL_ENABLE_DEBUG_INFO = NO;
				SDKROOT = iphoneos;
				TARGETED_DEVICE_FAMILY = "1,2";
				VALIDATE_PRODUCT = YES;
			};
			name = Release;
		};
		457F59BE1BBBD6CE00D6FCE0 /* Debug */ = {
			isa = XCBuildConfiguration;
			buildSettings = {
				ASSETCATALOG_COMPILER_APPICON_NAME = AppIcon;
				INFOPLIST_FILE = FWRClassifyChooseViewDemo/Info.plist;
				LD_RUNPATH_SEARCH_PATHS = "$(inherited) @executable_path/Frameworks";
				PRODUCT_BUNDLE_IDENTIFIER = com.fengweiru.FWRClassifyChooseViewDemo;
				PRODUCT_NAME = "$(TARGET_NAME)";
			};
			name = Debug;
		};
		457F59BF1BBBD6CE00D6FCE0 /* Release */ = {
			isa = XCBuildConfiguration;
			buildSettings = {
				ASSETCATALOG_COMPILER_APPICON_NAME = AppIcon;
				INFOPLIST_FILE = FWRClassifyChooseViewDemo/Info.plist;
				LD_RUNPATH_SEARCH_PATHS = "$(inherited) @executable_path/Frameworks";
				PRODUCT_BUNDLE_IDENTIFIER = com.fengweiru.FWRClassifyChooseViewDemo;
				PRODUCT_NAME = "$(TARGET_NAME)";
			};
			name = Release;
		};
		457F59C11BBBD6CE00D6FCE0 /* Debug */ = {
			isa = XCBuildConfiguration;
			buildSettings = {
				BUNDLE_LOADER = "$(TEST_HOST)";
				INFOPLIST_FILE = FWRClassifyChooseViewDemoTests/Info.plist;
				LD_RUNPATH_SEARCH_PATHS = "$(inherited) @executable_path/Frameworks @loader_path/Frameworks";
				PRODUCT_BUNDLE_IDENTIFIER = com.fengweiru.FWRClassifyChooseViewDemoTests;
				PRODUCT_NAME = "$(TARGET_NAME)";
				TEST_HOST = "$(BUILT_PRODUCTS_DIR)/FWRClassifyChooseViewDemo.app/FWRClassifyChooseViewDemo";
			};
			name = Debug;
		};
		457F59C21BBBD6CE00D6FCE0 /* Release */ = {
			isa = XCBuildConfiguration;
			buildSettings = {
				BUNDLE_LOADER = "$(TEST_HOST)";
				INFOPLIST_FILE = FWRClassifyChooseViewDemoTests/Info.plist;
				LD_RUNPATH_SEARCH_PATHS = "$(inherited) @executable_path/Frameworks @loader_path/Frameworks";
				PRODUCT_BUNDLE_IDENTIFIER = com.fengweiru.FWRClassifyChooseViewDemoTests;
				PRODUCT_NAME = "$(TARGET_NAME)";
				TEST_HOST = "$(BUILT_PRODUCTS_DIR)/FWRClassifyChooseViewDemo.app/FWRClassifyChooseViewDemo";
			};
			name = Release;
		};
		457F59C41BBBD6CE00D6FCE0 /* Debug */ = {
			isa = XCBuildConfiguration;
			buildSettings = {
				INFOPLIST_FILE = FWRClassifyChooseViewDemoUITests/Info.plist;
				LD_RUNPATH_SEARCH_PATHS = "$(inherited) @executable_path/Frameworks @loader_path/Frameworks";
				PRODUCT_BUNDLE_IDENTIFIER = com.fengweiru.FWRClassifyChooseViewDemoUITests;
				PRODUCT_NAME = "$(TARGET_NAME)";
				TEST_TARGET_NAME = FWRClassifyChooseViewDemo;
				USES_XCTRUNNER = YES;
			};
			name = Debug;
		};
		457F59C51BBBD6CE00D6FCE0 /* Release */ = {
			isa = XCBuildConfiguration;
			buildSettings = {
				INFOPLIST_FILE = FWRClassifyChooseViewDemoUITests/Info.plist;
				LD_RUNPATH_SEARCH_PATHS = "$(inherited) @executable_path/Frameworks @loader_path/Frameworks";
				PRODUCT_BUNDLE_IDENTIFIER = com.fengweiru.FWRClassifyChooseViewDemoUITests;
				PRODUCT_NAME = "$(TARGET_NAME)";
				TEST_TARGET_NAME = FWRClassifyChooseViewDemo;
				USES_XCTRUNNER = YES;
			};
			name = Release;
		};
/* End XCBuildConfiguration section */

/* Begin XCConfigurationList section */
		457F598B1BBBD6CE00D6FCE0 /* Build configuration list for PBXProject "FWRClassifyChooseViewDemo" */ = {
			isa = XCConfigurationList;
			buildConfigurations = (
				457F59BB1BBBD6CE00D6FCE0 /* Debug */,
				457F59BC1BBBD6CE00D6FCE0 /* Release */,
			);
			defaultConfigurationIsVisible = 0;
			defaultConfigurationName = Release;
		};
		457F59BD1BBBD6CE00D6FCE0 /* Build configuration list for PBXNativeTarget "FWRClassifyChooseViewDemo" */ = {
			isa = XCConfigurationList;
			buildConfigurations = (
				457F59BE1BBBD6CE00D6FCE0 /* Debug */,
				457F59BF1BBBD6CE00D6FCE0 /* Release */,
			);
			defaultConfigurationIsVisible = 0;
			defaultConfigurationName = Release;
		};
		457F59C01BBBD6CE00D6FCE0 /* Build configuration list for PBXNativeTarget "FWRClassifyChooseViewDemoTests" */ = {
			isa = XCConfigurationList;
			buildConfigurations = (
				457F59C11BBBD6CE00D6FCE0 /* Debug */,
				457F59C21BBBD6CE00D6FCE0 /* Release */,
			);
			defaultConfigurationIsVisible = 0;
			defaultConfigurationName = Release;
		};
		457F59C31BBBD6CE00D6FCE0 /* Build configuration list for PBXNativeTarget "FWRClassifyChooseViewDemoUITests" */ = {
			isa = XCConfigurationList;
			buildConfigurations = (
				457F59C41BBBD6CE00D6FCE0 /* Debug */,
				457F59C51BBBD6CE00D6FCE0 /* Release */,
			);
			defaultConfigurationIsVisible = 0;
			defaultConfigurationName = Release;
		};
/* End XCConfigurationList section */
	};
	rootObject = 457F59881BBBD6CE00D6FCE0 /* Project object */;
}
